// !$*UTF8*$!
{
	archiveVersion = 1;
	classes = {
	};
	objectVersion = 46;
	objects = {

/* Begin PBXBuildFile section */
		9D0CCD291C9C45D3001073A1 /* main.m in Sources */ = {isa = PBXBuildFile; fileRef = 9D0CCD281C9C45D3001073A1 /* main.m */; };
		9D0CCD2C1C9C45D3001073A1 /* AppDelegate.m in Sources */ = {isa = PBXBuildFile; fileRef = 9D0CCD2B1C9C45D3001073A1 /* AppDelegate.m */; };
		9D0CCD2F1C9C45D3001073A1 /* ViewController.m in Sources */ = {isa = PBXBuildFile; fileRef = 9D0CCD2E1C9C45D3001073A1 /* ViewController.m */; };
		9D0CCD321C9C45D3001073A1 /* Main.storyboard in Resources */ = {isa = PBXBuildFile; fileRef = 9D0CCD301C9C45D3001073A1 /* Main.storyboard */; };
		9D0CCD341C9C45D3001073A1 /* Assets.xcassets in Resources */ = {isa = PBXBuildFile; fileRef = 9D0CCD331C9C45D3001073A1 /* Assets.xcassets */; };
		9D0CCD371C9C45D3001073A1 /* LaunchScreen.storyboard in Resources */ = {isa = PBXBuildFile; fileRef = 9D0CCD351C9C45D3001073A1 /* LaunchScreen.storyboard */; };
		9D0CCD411C9C4A1C001073A1 /* UIViewController+Swizzling.m in Sources */ = {isa = PBXBuildFile; fileRef = 9D0CCD401C9C4A1C001073A1 /* UIViewController+Swizzling.m */; };
		9D32D4C31CA1CC9C00348F38 /* NSObject+SwizzlingGeneralMethods.m in Sources */ = {isa = PBXBuildFile; fileRef = 9D32D4C21CA1CC9C00348F38 /* NSObject+SwizzlingGeneralMethods.m */; };
/* End PBXBuildFile section */

/* Begin PBXFileReference section */
		9D0CCD241C9C45D3001073A1 /* FGSwizzlingExample.app */ = {isa = PBXFileReference; explicitFileType = wrapper.application; includeInIndex = 0; path = FGSwizzlingExample.app; sourceTree = BUILT_PRODUCTS_DIR; };
		9D0CCD281C9C45D3001073A1 /* main.m */ = {isa = PBXFileReference; lastKnownFileType = sourcecode.c.objc; path = main.m; sourceTree = "<group>"; };
		9D0CCD2A1C9C45D3001073A1 /* AppDelegate.h */ = {isa = PBXFileReference; lastKnownFileType = sourcecode.c.h; path = AppDelegate.h; sourceTree = "<group>"; };
		9D0CCD2B1C9C45D3001073A1 /* AppDelegate.m */ = {isa = PBXFileReference; lastKnownFileType = sourcecode.c.objc; path = AppDelegate.m; sourceTree = "<group>"; };
		9D0CCD2D1C9C45D3001073A1 /* ViewController.h */ = {isa = PBXFileReference; lastKnownFileType = sourcecode.c.h; path = ViewController.h; sourceTree = "<group>"; };
		9D0CCD2E1C9C45D3001073A1 /* ViewController.m */ = {isa = PBXFileReference; lastKnownFileType = sourcecode.c.objc; path = ViewController.m; sourceTree = "<group>"; };
		9D0CCD311C9C45D3001073A1 /* Base */ = {isa = PBXFileReference; lastKnownFileType = file.storyboard; name = Base; path = Base.lproj/Main.storyboard; sourceTree = "<group>"; };
		9D0CCD331C9C45D3001073A1 /* Assets.xcassets */ = {isa = PBXFileReference; lastKnownFileType = folder.assetcatalog; path = Assets.xcassets; sourceTree = "<group>"; };
		9D0CCD361C9C45D3001073A1 /* Base */ = {isa = PBXFileReference; lastKnownFileType = file.storyboard; name = Base; path = Base.lproj/LaunchScreen.storyboard; sourceTree = "<group>"; };
		9D0CCD381C9C45D3001073A1 /* Info.plist */ = {isa = PBXFileReference; lastKnownFileType = text.plist.xml; path = Info.plist; sourceTree = "<group>"; };
		9D0CCD3F1C9C4A1C001073A1 /* UIViewController+Swizzling.h */ = {isa = PBXFileReference; fileEncoding = 4; lastKnownFileType = sourcecode.c.h; path = "UIViewController+Swizzling.h"; sourceTree = "<group>"; };
		9D0CCD401C9C4A1C001073A1 /* UIViewController+Swizzling.m */ = {isa = PBXFileReference; fileEncoding = 4; lastKnownFileType = sourcecode.c.objc; path = "UIViewController+Swizzling.m"; sourceTree = "<group>"; };
		9D32D4C11CA1CC9C00348F38 /* NSObject+SwizzlingGeneralMethods.h */ = {isa = PBXFileReference; fileEncoding = 4; lastKnownFileType = sourcecode.c.h; path = "NSObject+SwizzlingGeneralMethods.h"; sourceTree = "<group>"; };
		9D32D4C21CA1CC9C00348F38 /* NSObject+SwizzlingGeneralMethods.m */ = {isa = PBXFileReference; fileEncoding = 4; lastKnownFileType = sourcecode.c.objc; path = "NSObject+SwizzlingGeneralMethods.m"; sourceTree = "<group>"; };
/* End PBXFileReference section */

/* Begin PBXFrameworksBuildPhase section */
		9D0CCD211C9C45D3001073A1 /* Frameworks */ = {
			isa = PBXFrameworksBuildPhase;
			buildActionMask = 2147483647;
			files = (
			);
			runOnlyForDeploymentPostprocessing = 0;
		};
/* End PBXFrameworksBuildPhase section */

/* Begin PBXGroup section */
		9D0CCD1B1C9C45D3001073A1 = {
			isa = PBXGroup;
			children = (
				9D0CCD261C9C45D3001073A1 /* FGSwizzlingExample */,
				9D0CCD251C9C45D3001073A1 /* Products */,
			);
			sourceTree = "<group>";
		};
		9D0CCD251C9C45D3001073A1 /* Products */ = {
			isa = PBXGroup;
			children = (
				9D0CCD241C9C45D3001073A1 /* FGSwizzlingExample.app */,
			);
			name = Products;
			sourceTree = "<group>";
		};
		9D0CCD261C9C45D3001073A1 /* FGSwizzlingExample */ = {
			isa = PBXGroup;
			children = (
				9D0CCD2A1C9C45D3001073A1 /* AppDelegate.h */,
				9D0CCD2B1C9C45D3001073A1 /* AppDelegate.m */,
				9D0CCD2D1C9C45D3001073A1 /* ViewController.h */,
				9D0CCD2E1C9C45D3001073A1 /* ViewController.m */,
				9D0CCD3E1C9C49F9001073A1 /* UIViewController+Swizzling */,
				9D32D4C01CA1CC9C00348F38 /* NSObject+SwizzlingGeneralMethods */,
				9D0CCD301C9C45D3001073A1 /* Main.storyboard */,
				9D0CCD331C9C45D3001073A1 /* Assets.xcassets */,
				9D0CCD351C9C45D3001073A1 /* LaunchScreen.storyboard */,
				9D0CCD381C9C45D3001073A1 /* Info.plist */,
				9D0CCD271C9C45D3001073A1 /* Supporting Files */,
			);
			path = FGSwizzlingExample;
			sourceTree = "<group>";
		};
		9D0CCD271C9C45D3001073A1 /* Supporting Files */ = {
			isa = PBXGroup;
			children = (
				9D0CCD281C9C45D3001073A1 /* main.m */,
			);
			name = "Supporting Files";
			sourceTree = "<group>";
		};
		9D0CCD3E1C9C49F9001073A1 /* UIViewController+Swizzling */ = {
			isa = PBXGroup;
			children = (
				9D0CCD3F1C9C4A1C001073A1 /* UIViewController+Swizzling.h */,
				9D0CCD401C9C4A1C001073A1 /* UIViewController+Swizzling.m */,
			);
			path = "UIViewController+Swizzling";
			sourceTree = "<group>";
		};
		9D32D4C01CA1CC9C00348F38 /* NSObject+SwizzlingGeneralMethods */ = {
			isa = PBXGroup;
			children = (
				9D32D4C11CA1CC9C00348F38 /* NSObject+SwizzlingGeneralMethods.h */,
				9D32D4C21CA1CC9C00348F38 /* NSObject+SwizzlingGeneralMethods.m */,
			);
			path = "NSObject+SwizzlingGeneralMethods";
			sourceTree = "<group>";
		};
/* End PBXGroup section */

/* Begin PBXNativeTarget section */
		9D0CCD231C9C45D3001073A1 /* FGSwizzlingExample */ = {
			isa = PBXNativeTarget;
			buildConfigurationList = 9D0CCD3B1C9C45D3001073A1 /* Build configuration list for PBXNativeTarget "FGSwizzlingExample" */;
			buildPhases = (
				9D0CCD201C9C45D3001073A1 /* Sources */,
				9D0CCD211C9C45D3001073A1 /* Frameworks */,
				9D0CCD221C9C45D3001073A1 /* Resources */,
			);
			buildRules = (
			);
			dependencies = (
			);
			name = FGSwizzlingExample;
			productName = FGSwizzlingExample;
			productReference = 9D0CCD241C9C45D3001073A1 /* FGSwizzlingExample.app */;
			productType = "com.apple.product-type.application";
		};
/* End PBXNativeTarget section */

/* Begin PBXProject section */
		9D0CCD1C1C9C45D3001073A1 /* Project object */ = {
			isa = PBXProject;
			attributes = {
				LastUpgradeCheck = 0720;
				ORGANIZATIONNAME = "Fernanda G. Geraissate";
				TargetAttributes = {
					9D0CCD231C9C45D3001073A1 = {
						CreatedOnToolsVersion = 7.2;
						DevelopmentTeam = B4NMT32J2A;
					};
				};
			};
			buildConfigurationList = 9D0CCD1F1C9C45D3001073A1 /* Build configuration list for PBXProject "FGSwizzlingExample" */;
			compatibilityVersion = "Xcode 3.2";
			developmentRegion = English;
			hasScannedForEncodings = 0;
			knownRegions = (
				en,
				Base,
			);
			mainGroup = 9D0CCD1B1C9C45D3001073A1;
			productRefGroup = 9D0CCD251C9C45D3001073A1 /* Products */;
			projectDirPath = "";
			projectRoot = "";
			targets = (
				9D0CCD231C9C45D3001073A1 /* FGSwizzlingExample */,
			);
		};
/* End PBXProject section */

/* Begin PBXResourcesBuildPhase section */
		9D0CCD221C9C45D3001073A1 /* Resources */ = {
			isa = PBXResourcesBuildPhase;
			buildActionMask = 2147483647;
			files = (
				9D0CCD371C9C45D3001073A1 /* LaunchScreen.storyboard in Resources */,
				9D0CCD341C9C45D3001073A1 /* Assets.xcassets in Resources */,
				9D0CCD321C9C45D3001073A1 /* Main.storyboard in Resources */,
			);
			runOnlyForDeploymentPostprocessing = 0;
		};
/* End PBXResourcesBuildPhase section */

/* Begin PBXSourcesBuildPhase section */
		9D0CCD201C9C45D3001073A1 /* Sources */ = {
			isa = PBXSourcesBuildPhase;
			buildActionMask = 2147483647;
			files = (
				9D0CCD411C9C4A1C001073A1 /* UIViewController+Swizzling.m in Sources */,
				9D0CCD2F1C9C45D3001073A1 /* ViewController.m in Sources */,
				9D32D4C31CA1CC9C00348F38 /* NSObject+SwizzlingGeneralMethods.m in Sources */,
				9D0CCD2C1C9C45D3001073A1 /* AppDelegate.m in Sources */,
				9D0CCD291C9C45D3001073A1 /* main.m in Sources */,
			);
			runOnlyForDeploymentPostprocessing = 0;
		};
/* End PBXSourcesBuildPhase section */

/* Begin PBXVariantGroup section */
		9D0CCD301C9C45D3001073A1 /* Main.storyboard */ = {
			isa = PBXVariantGroup;
			children = (
				9D0CCD311C9C45D3001073A1 /* Base */,
			);
			name = Main.storyboard;
			sourceTree = "<group>";
		};
		9D0CCD351C9C45D3001073A1 /* LaunchScreen.storyboard */ = {
			isa = PBXVariantGroup;
			children = (
				9D0CCD361C9C45D3001073A1 /* Base */,
			);
			name = LaunchScreen.storyboard;
			sourceTree = "<group>";
		};
/* End PBXVariantGroup section */

/* Begin XCBuildConfiguration section */
		9D0CCD391C9C45D3001073A1 /* Debug */ = {
			isa = XCBuildConfiguration;
			buildSettings = {
				ALWAYS_SEARCH_USER_PATHS = NO;
				CLANG_CXX_LANGUAGE_STANDARD = "gnu++0x";
				CLANG_CXX_LIBRARY = "libc++";
				CLANG_ENABLE_MODULES = YES;
				CLANG_ENABLE_OBJC_ARC = YES;
				CLANG_WARN_BOOL_CONVERSION = YES;
				CLANG_WARN_CONSTANT_CONVERSION = YES;
				CLANG_WARN_DIRECT_OBJC_ISA_USAGE = YES_ERROR;
				CLANG_WARN_EMPTY_BODY = YES;
				CLANG_WARN_ENUM_CONVERSION = YES;
				CLANG_WARN_INT_CONVERSION = YES;
				CLANG_WARN_OBJC_ROOT_CLASS = YES_ERROR;
				CLANG_WARN_UNREACHABLE_CODE = YES;
				CLANG_WARN__DUPLICATE_METHOD_MATCH = YES;
				"CODE_SIGN_IDENTITY[sdk=iphoneos*]" = "iPhone Developer";
				COPY_PHASE_STRIP = NO;
				DEBUG_INFORMATION_FORMAT = dwarf;
				ENABLE_STRICT_OBJC_MSGSEND = YES;
				ENABLE_TESTABILITY = YES;
				GCC_C_LANGUAGE_STANDARD = gnu99;
				GCC_DYNAMIC_NO_PIC = NO;
				GCC_NO_COMMON_BLOCKS = YES;
				GCC_OPTIMIZATION_LEVEL = 0;
				GCC_PREPROCESSOR_DEFINITIONS = (
					"DEBUG=1",
					"$(inherited)",
				);
				GCC_WARN_64_TO_32_BIT_CONVERSION = YES;
				GCC_WARN_ABOUT_RETURN_TYPE = YES_ERROR;
				GCC_WARN_UNDECLARED_SELECTOR = YES;
				GCC_WARN_UNINITIALIZED_AUTOS = YES_AGGRESSIVE;
				GCC_WARN_UNUSED_FUNCTION = YES;
				GCC_WARN_UNUSED_VARIABLE = YES;
				IPHONEOS_DEPLOYMENT_TARGET = 9.2;
				MTL_ENABLE_DEBUG_INFO = YES;
				ONLY_ACTIVE_ARCH = YES;
				SDKROOT = iphoneos;
				TARGETED_DEVICE_FAMILY = "1,2";
			};
			name = Debug;
		};
		9D0CCD3A1C9C45D3001073A1 /* Release */ = {
			isa = XCBuildConfiguration;
			buildSettings = {
				ALWAYS_SEARCH_USER_PATHS = NO;
				CLANG_CXX_LANGUAGE_STANDARD = "gnu++0x";
				CLANG_CXX_LIBRARY = "libc++";
				CLANG_ENABLE_MODULES = YES;
				CLANG_ENABLE_OBJC_ARC = YES;
				CLANG_WARN_BOOL_CONVERSION = YES;
				CLANG_WARN_CONSTANT_CONVERSION = YES;
				CLANG_WARN_DIRECT_OBJC_ISA_USAGE = YES_ERROR;
				CLANG_WARN_EMPTY_BODY = YES;
				CLANG_WARN_ENUM_CONVERSION = YES;
				CLANG_WARN_INT_CONVERSION = YES;
				CLANG_WARN_OBJC_ROOT_CLASS = YES_ERROR;
				CLANG_WARN_UNREACHABLE_CODE = YES;
				CLANG_WARN__DUPLICATE_METHOD_MATCH = YES;
				"CODE_SIGN_IDENTITY[sdk=iphoneos*]" = "iPhone Developer";
				COPY_PHASE_STRIP = NO;
				DEBUG_INFORMATION_FORMAT = "dwarf-with-dsym";
				ENABLE_NS_ASSERTIONS = NO;
				ENABLE_STRICT_OBJC_MSGSEND = YES;
				GCC_C_LANGUAGE_STANDARD = gnu99;
				GCC_NO_COMMON_BLOCKS = YES;
				GCC_WARN_64_TO_32_BIT_CONVERSION = YES;
				GCC_WARN_ABOUT_RETURN_TYPE = YES_ERROR;
				GCC_WARN_UNDECLARED_SELECTOR = YES;
				GCC_WARN_UNINITIALIZED_AUTOS = YES_AGGRESSIVE;
				GCC_WARN_UNUSED_FUNCTION = YES;
				GCC_WARN_UNUSED_VARIABLE = YES;
				IPHONEOS_DEPLOYMENT_TARGET = 9.2;
				MTL_ENABLE_DEBUG_INFO = NO;
				SDKROOT = iphoneos;
				TARGETED_DEVICE_FAMILY = "1,2";
				VALIDATE_PRODUCT = YES;
			};
			name = Release;
		};
		9D0CCD3C1C9C45D3001073A1 /* Debug */ = {
			isa = XCBuildConfiguration;
			buildSettings = {
				ASSETCATALOG_COMPILER_APPICON_NAME = AppIcon;
				INFOPLIST_FILE = FGSwizzlingExample/Info.plist;
				LD_RUNPATH_SEARCH_PATHS = "$(inherited) @executable_path/Frameworks";
				PRODUCT_BUNDLE_IDENTIFIER = Fernanda.Geraissate.FGSwizzlingExample;
				PRODUCT_NAME = "$(TARGET_NAME)";
			};
			name = Debug;
		};
		9D0CCD3D1C9C45D3001073A1 /* Release */ = {
			isa = XCBuildConfiguration;
			buildSettings = {
				ASSETCATALOG_COMPILER_APPICON_NAME = AppIcon;
				INFOPLIST_FILE = FGSwizzlingExample/Info.plist;
				LD_RUNPATH_SEARCH_PATHS = "$(inherited) @executable_path/Frameworks";
				PRODUCT_BUNDLE_IDENTIFIER = Fernanda.Geraissate.FGSwizzlingExample;
				PRODUCT_NAME = "$(TARGET_NAME)";
			};
			name = Release;
		};
/* End XCBuildConfiguration section */

/* Begin XCConfigurationList section */
		9D0CCD1F1C9C45D3001073A1 /* Build configuration list for PBXProject "FGSwizzlingExample" */ = {
			isa = XCConfigurationList;
			buildConfigurations = (
				9D0CCD391C9C45D3001073A1 /* Debug */,
				9D0CCD3A1C9C45D3001073A1 /* Release */,
			);
			defaultConfigurationIsVisible = 0;
			defaultConfigurationName = Release;
		};
		9D0CCD3B1C9C45D3001073A1 /* Build configuration list for PBXNativeTarget "FGSwizzlingExample" */ = {
			isa = XCConfigurationList;
			buildConfigurations = (
				9D0CCD3C1C9C45D3001073A1 /* Debug */,
				9D0CCD3D1C9C45D3001073A1 /* Release */,
			);
			defaultConfigurationIsVisible = 0;
			defaultConfigurationName = Release;
		};
/* End XCConfigurationList section */
	};
	rootObject = 9D0CCD1C1C9C45D3001073A1 /* Project object */;
}
